
Microsoft Visual Studio Solution File, Format Version 12.00
# Visual Studio Version 17
VisualStudioVersion = 17.8.34330.188
MinimumVisualStudioVersion = 10.0.40219.1
Project("{FAE04EC0-301F-11D3-BF4B-00C04F79EFBC}") = "DictionariesHomework", "DictionariesHomework\DictionariesHomework.csproj", "{C5E33B7D-AC3C-4780-924B-676490C05CC1}"
EndProject
Global
	GlobalSection(SolutionConfigurationPlatforms) = preSolution
		Debug|Any CPU = Debug|Any CPU
		Release|Any CPU = Release|Any CPU
	EndGlobalSection
	GlobalSection(ProjectConfigurationPlatforms) = postSolution
		{C5E33B7D-AC3C-4780-924B-676490C05CC1}.Debug|Any CPU.ActiveCfg = Debug|Any CPU
		{C5E33B7D-AC3C-4780-924B-676490C05CC1}.Debug|Any CPU.Build.0 = Debug|Any CPU
		{C5E33B7D-AC3C-4780-924B-676490C05CC1}.Release|Any CPU.ActiveCfg = Release|Any CPU
		{C5E33B7D-AC3C-4780-924B-676490C05CC1}.Release|Any CPU.Build.0 = Release|Any CPU
	EndGlobalSection
	GlobalSection(SolutionProperties) = preSolution
		HideSolutionNode = FALSE
	EndGlobalSection
	GlobalSection(ExtensibilityGlobals) = postSolution
		SolutionGuid = {6D6DD296-7F8D-4594-B996-9E3545A55583}
	EndGlobalSection
EndGlobal
