
Microsoft Visual Studio Solution File, Format Version 12.00
# Visual Studio Version 17
VisualStudioVersion = 17.9.34723.18
MinimumVisualStudioVersion = 10.0.40219.1
Project("{FAE04EC0-301F-11D3-BF4B-00C04F79EFBC}") = "ExtensionMethods", "ExtensionMethods\ExtensionMethods.csproj", "{23F65800-942B-47D2-9316-61D4C3696A23}"
EndProject
Global
	GlobalSection(SolutionConfigurationPlatforms) = preSolution
		Debug|Any CPU = Debug|Any CPU
		Release|Any CPU = Release|Any CPU
	EndGlobalSection
	GlobalSection(ProjectConfigurationPlatforms) = postSolution
		{23F65800-942B-47D2-9316-61D4C3696A23}.Debug|Any CPU.ActiveCfg = Debug|Any CPU
		{23F65800-942B-47D2-9316-61D4C3696A23}.Debug|Any CPU.Build.0 = Debug|Any CPU
		{23F65800-942B-47D2-9316-61D4C3696A23}.Release|Any CPU.ActiveCfg = Release|Any CPU
		{23F65800-942B-47D2-9316-61D4C3696A23}.Release|Any CPU.Build.0 = Release|Any CPU
	EndGlobalSection
	GlobalSection(SolutionProperties) = preSolution
		HideSolutionNode = FALSE
	EndGlobalSection
	GlobalSection(ExtensibilityGlobals) = postSolution
		SolutionGuid = {EB9614F4-0EE5-49AA-9DFC-07159E9F6CD6}
	EndGlobalSection
EndGlobal
