
Microsoft Visual Studio Solution File, Format Version 12.00
# Visual Studio Version 17
VisualStudioVersion = 17.8.34330.188
MinimumVisualStudioVersion = 10.0.40219.1
Project("{FAE04EC0-301F-11D3-BF4B-00C04F79EFBC}") = "ConsoleUI", "ConsoleUI\ConsoleUI.csproj", "{EA8EF105-6B9A-4FD5-83BA-3F95A4A2DFC7}"
EndProject
Global
	GlobalSection(SolutionConfigurationPlatforms) = preSolution
		Debug|Any CPU = Debug|Any CPU
		Release|Any CPU = Release|Any CPU
	EndGlobalSection
	GlobalSection(ProjectConfigurationPlatforms) = postSolution
		{EA8EF105-6B9A-4FD5-83BA-3F95A4A2DFC7}.Debug|Any CPU.ActiveCfg = Debug|Any CPU
		{EA8EF105-6B9A-4FD5-83BA-3F95A4A2DFC7}.Debug|Any CPU.Build.0 = Debug|Any CPU
		{EA8EF105-6B9A-4FD5-83BA-3F95A4A2DFC7}.Release|Any CPU.ActiveCfg = Release|Any CPU
		{EA8EF105-6B9A-4FD5-83BA-3F95A4A2DFC7}.Release|Any CPU.Build.0 = Release|Any CPU
	EndGlobalSection
	GlobalSection(SolutionProperties) = preSolution
		HideSolutionNode = FALSE
	EndGlobalSection
	GlobalSection(ExtensibilityGlobals) = postSolution
		SolutionGuid = {841092F8-C39C-4952-87D0-0E8A12860CA7}
	EndGlobalSection
EndGlobal
