
Microsoft Visual Studio Solution File, Format Version 12.00
# Visual Studio Version 17
VisualStudioVersion = 17.8.34511.84
MinimumVisualStudioVersion = 10.0.40219.1
Project("{FAE04EC0-301F-11D3-BF4B-00C04F79EFBC}") = "AccessModifiersHomework", "AccessModifiersHomework\AccessModifiersHomework.csproj", "{19C8B214-FA4C-402F-A810-E6F10AF9F945}"
EndProject
Project("{FAE04EC0-301F-11D3-BF4B-00C04F79EFBC}") = "AccessModifierClass", "AcessModifierClass\AccessModifierClass.csproj", "{ACAFF395-1230-48AD-B281-579DE211E61B}"
EndProject
Global
	GlobalSection(SolutionConfigurationPlatforms) = preSolution
		Debug|Any CPU = Debug|Any CPU
		Release|Any CPU = Release|Any CPU
	EndGlobalSection
	GlobalSection(ProjectConfigurationPlatforms) = postSolution
		{19C8B214-FA4C-402F-A810-E6F10AF9F945}.Debug|Any CPU.ActiveCfg = Debug|Any CPU
		{19C8B214-FA4C-402F-A810-E6F10AF9F945}.Debug|Any CPU.Build.0 = Debug|Any CPU
		{19C8B214-FA4C-402F-A810-E6F10AF9F945}.Release|Any CPU.ActiveCfg = Release|Any CPU
		{19C8B214-FA4C-402F-A810-E6F10AF9F945}.Release|Any CPU.Build.0 = Release|Any CPU
		{ACAFF395-1230-48AD-B281-579DE211E61B}.Debug|Any CPU.ActiveCfg = Debug|Any CPU
		{ACAFF395-1230-48AD-B281-579DE211E61B}.Debug|Any CPU.Build.0 = Debug|Any CPU
		{ACAFF395-1230-48AD-B281-579DE211E61B}.Release|Any CPU.ActiveCfg = Release|Any CPU
		{ACAFF395-1230-48AD-B281-579DE211E61B}.Release|Any CPU.Build.0 = Release|Any CPU
	EndGlobalSection
	GlobalSection(SolutionProperties) = preSolution
		HideSolutionNode = FALSE
	EndGlobalSection
	GlobalSection(ExtensibilityGlobals) = postSolution
		SolutionGuid = {26B83DFC-F263-40DD-B925-4F3E5DD7890B}
	EndGlobalSection
EndGlobal
