
Microsoft Visual Studio Solution File, Format Version 12.00
# Visual Studio Version 17
VisualStudioVersion = 17.8.34330.188
MinimumVisualStudioVersion = 10.0.40219.1
Project("{9A19103F-16F7-4668-BE54-9A1E7A4F7556}") = "HelloWorld", "HelloWorld\HelloWorld.csproj", "{DD9504DF-7615-46EA-B580-6D33E7707609}"
EndProject
Project("{FAE04EC0-301F-11D3-BF4B-00C04F79EFBC}") = "HelloWorldInNet8", "HelloWorldInNet8\HelloWorldInNet8.csproj", "{6B28A728-21BC-4382-A5D8-30546AD28ABD}"
EndProject
Global
	GlobalSection(SolutionConfigurationPlatforms) = preSolution
		Debug|Any CPU = Debug|Any CPU
		Release|Any CPU = Release|Any CPU
	EndGlobalSection
	GlobalSection(ProjectConfigurationPlatforms) = postSolution
		{DD9504DF-7615-46EA-B580-6D33E7707609}.Debug|Any CPU.ActiveCfg = Debug|Any CPU
		{DD9504DF-7615-46EA-B580-6D33E7707609}.Debug|Any CPU.Build.0 = Debug|Any CPU
		{DD9504DF-7615-46EA-B580-6D33E7707609}.Release|Any CPU.ActiveCfg = Release|Any CPU
		{DD9504DF-7615-46EA-B580-6D33E7707609}.Release|Any CPU.Build.0 = Release|Any CPU
		{6B28A728-21BC-4382-A5D8-30546AD28ABD}.Debug|Any CPU.ActiveCfg = Debug|Any CPU
		{6B28A728-21BC-4382-A5D8-30546AD28ABD}.Debug|Any CPU.Build.0 = Debug|Any CPU
		{6B28A728-21BC-4382-A5D8-30546AD28ABD}.Release|Any CPU.ActiveCfg = Release|Any CPU
		{6B28A728-21BC-4382-A5D8-30546AD28ABD}.Release|Any CPU.Build.0 = Release|Any CPU
	EndGlobalSection
	GlobalSection(SolutionProperties) = preSolution
		HideSolutionNode = FALSE
	EndGlobalSection
	GlobalSection(ExtensibilityGlobals) = postSolution
		SolutionGuid = {E1B91B05-73D1-4610-9086-40D8679E4576}
	EndGlobalSection
EndGlobal
