
Microsoft Visual Studio Solution File, Format Version 12.00
# Visual Studio Version 17
VisualStudioVersion = 17.9.34607.119
MinimumVisualStudioVersion = 10.0.40219.1
Project("{FAE04EC0-301F-11D3-BF4B-00C04F79EFBC}") = "HomeworkMethodOverride", "HomeworkMethodOverride\HomeworkMethodOverride.csproj", "{C22E4AF0-E93C-4411-A3DC-8E0D79A231D6}"
EndProject
Global
	GlobalSection(SolutionConfigurationPlatforms) = preSolution
		Debug|Any CPU = Debug|Any CPU
		Release|Any CPU = Release|Any CPU
	EndGlobalSection
	GlobalSection(ProjectConfigurationPlatforms) = postSolution
		{C22E4AF0-E93C-4411-A3DC-8E0D79A231D6}.Debug|Any CPU.ActiveCfg = Debug|Any CPU
		{C22E4AF0-E93C-4411-A3DC-8E0D79A231D6}.Debug|Any CPU.Build.0 = Debug|Any CPU
		{C22E4AF0-E93C-4411-A3DC-8E0D79A231D6}.Release|Any CPU.ActiveCfg = Release|Any CPU
		{C22E4AF0-E93C-4411-A3DC-8E0D79A231D6}.Release|Any CPU.Build.0 = Release|Any CPU
	EndGlobalSection
	GlobalSection(SolutionProperties) = preSolution
		HideSolutionNode = FALSE
	EndGlobalSection
	GlobalSection(ExtensibilityGlobals) = postSolution
		SolutionGuid = {DB2EC44E-DD30-4684-B2E7-11765440964D}
	EndGlobalSection
EndGlobal
