
Microsoft Visual Studio Solution File, Format Version 12.00
# Visual Studio Version 17
VisualStudioVersion = 17.8.34330.188
MinimumVisualStudioVersion = 10.0.40219.1
Project("{FAE04EC0-301F-11D3-BF4B-00C04F79EFBC}") = "HomeworkDoLoop", "HomeworkDoLoop\HomeworkDoLoop.csproj", "{E641F8E3-C093-4BEB-B616-9B247F078A97}"
EndProject
Global
	GlobalSection(SolutionConfigurationPlatforms) = preSolution
		Debug|Any CPU = Debug|Any CPU
		Release|Any CPU = Release|Any CPU
	EndGlobalSection
	GlobalSection(ProjectConfigurationPlatforms) = postSolution
		{E641F8E3-C093-4BEB-B616-9B247F078A97}.Debug|Any CPU.ActiveCfg = Debug|Any CPU
		{E641F8E3-C093-4BEB-B616-9B247F078A97}.Debug|Any CPU.Build.0 = Debug|Any CPU
		{E641F8E3-C093-4BEB-B616-9B247F078A97}.Release|Any CPU.ActiveCfg = Release|Any CPU
		{E641F8E3-C093-4BEB-B616-9B247F078A97}.Release|Any CPU.Build.0 = Release|Any CPU
	EndGlobalSection
	GlobalSection(SolutionProperties) = preSolution
		HideSolutionNode = FALSE
	EndGlobalSection
	GlobalSection(ExtensibilityGlobals) = postSolution
		SolutionGuid = {BF440ACD-931B-4075-ADF8-892DCEE04B65}
	EndGlobalSection
EndGlobal
