
Microsoft Visual Studio Solution File, Format Version 12.00
# Visual Studio Version 17
VisualStudioVersion = 17.8.34330.188
MinimumVisualStudioVersion = 10.0.40219.1
Project("{FAE04EC0-301F-11D3-BF4B-00C04F79EFBC}") = "ConsoleUI", "ConsoleUI\ConsoleUI.csproj", "{2F1D7AF6-661B-427A-BC3B-1078C68084E2}"
EndProject
Global
	GlobalSection(SolutionConfigurationPlatforms) = preSolution
		Debug|Any CPU = Debug|Any CPU
		Release|Any CPU = Release|Any CPU
	EndGlobalSection
	GlobalSection(ProjectConfigurationPlatforms) = postSolution
		{2F1D7AF6-661B-427A-BC3B-1078C68084E2}.Debug|Any CPU.ActiveCfg = Debug|Any CPU
		{2F1D7AF6-661B-427A-BC3B-1078C68084E2}.Debug|Any CPU.Build.0 = Debug|Any CPU
		{2F1D7AF6-661B-427A-BC3B-1078C68084E2}.Release|Any CPU.ActiveCfg = Release|Any CPU
		{2F1D7AF6-661B-427A-BC3B-1078C68084E2}.Release|Any CPU.Build.0 = Release|Any CPU
	EndGlobalSection
	GlobalSection(SolutionProperties) = preSolution
		HideSolutionNode = FALSE
	EndGlobalSection
	GlobalSection(ExtensibilityGlobals) = postSolution
		SolutionGuid = {D23CEB10-0529-423A-91CC-A6927804C20B}
	EndGlobalSection
EndGlobal
