
Microsoft Visual Studio Solution File, Format Version 12.00
# Visual Studio Version 17
VisualStudioVersion = 17.8.34511.84
MinimumVisualStudioVersion = 10.0.40219.1
Project("{FAE04EC0-301F-11D3-BF4B-00C04F79EFBC}") = "ClassesPractice", "ClassesPractice\ClassesPractice.csproj", "{3BCC8D03-2AD3-433C-BD1E-D43E185F5DF4}"
EndProject
Global
	GlobalSection(SolutionConfigurationPlatforms) = preSolution
		Debug|Any CPU = Debug|Any CPU
		Release|Any CPU = Release|Any CPU
	EndGlobalSection
	GlobalSection(ProjectConfigurationPlatforms) = postSolution
		{3BCC8D03-2AD3-433C-BD1E-D43E185F5DF4}.Debug|Any CPU.ActiveCfg = Debug|Any CPU
		{3BCC8D03-2AD3-433C-BD1E-D43E185F5DF4}.Debug|Any CPU.Build.0 = Debug|Any CPU
		{3BCC8D03-2AD3-433C-BD1E-D43E185F5DF4}.Release|Any CPU.ActiveCfg = Release|Any CPU
		{3BCC8D03-2AD3-433C-BD1E-D43E185F5DF4}.Release|Any CPU.Build.0 = Release|Any CPU
	EndGlobalSection
	GlobalSection(SolutionProperties) = preSolution
		HideSolutionNode = FALSE
	EndGlobalSection
	GlobalSection(ExtensibilityGlobals) = postSolution
		SolutionGuid = {F0B1F1F4-A16C-4BF4-81D7-4A6530BB9F93}
	EndGlobalSection
EndGlobal
