
Microsoft Visual Studio Solution File, Format Version 12.00
# Visual Studio Version 17
VisualStudioVersion = 17.9.34723.18
MinimumVisualStudioVersion = 10.0.40219.1
Project("{FAE04EC0-301F-11D3-BF4B-00C04F79EFBC}") = "HeadPhonesCatch", "HeadPhonesCatch\HeadPhonesCatch.csproj", "{45FC981E-2815-4AD5-A1E6-ED5727365F08}"
EndProject
Global
	GlobalSection(SolutionConfigurationPlatforms) = preSolution
		Debug|Any CPU = Debug|Any CPU
		Release|Any CPU = Release|Any CPU
	EndGlobalSection
	GlobalSection(ProjectConfigurationPlatforms) = postSolution
		{45FC981E-2815-4AD5-A1E6-ED5727365F08}.Debug|Any CPU.ActiveCfg = Debug|Any CPU
		{45FC981E-2815-4AD5-A1E6-ED5727365F08}.Debug|Any CPU.Build.0 = Debug|Any CPU
		{45FC981E-2815-4AD5-A1E6-ED5727365F08}.Release|Any CPU.ActiveCfg = Release|Any CPU
		{45FC981E-2815-4AD5-A1E6-ED5727365F08}.Release|Any CPU.Build.0 = Release|Any CPU
	EndGlobalSection
	GlobalSection(SolutionProperties) = preSolution
		HideSolutionNode = FALSE
	EndGlobalSection
	GlobalSection(ExtensibilityGlobals) = postSolution
		SolutionGuid = {E0F9BE10-FC9A-4FB3-A95C-D31E489E0D51}
	EndGlobalSection
EndGlobal
