
Microsoft Visual Studio Solution File, Format Version 12.00
# Visual Studio Version 17
VisualStudioVersion = 17.9.34723.18
MinimumVisualStudioVersion = 10.0.40219.1
Project("{FAE04EC0-301F-11D3-BF4B-00C04F79EFBC}") = "ExtensionMethods", "ExtensionMethods\ExtensionMethods.csproj", "{AE01DD7C-3675-4A3C-8DCD-4F595D500C15}"
EndProject
Global
	GlobalSection(SolutionConfigurationPlatforms) = preSolution
		Debug|Any CPU = Debug|Any CPU
		Release|Any CPU = Release|Any CPU
	EndGlobalSection
	GlobalSection(ProjectConfigurationPlatforms) = postSolution
		{AE01DD7C-3675-4A3C-8DCD-4F595D500C15}.Debug|Any CPU.ActiveCfg = Debug|Any CPU
		{AE01DD7C-3675-4A3C-8DCD-4F595D500C15}.Debug|Any CPU.Build.0 = Debug|Any CPU
		{AE01DD7C-3675-4A3C-8DCD-4F595D500C15}.Release|Any CPU.ActiveCfg = Release|Any CPU
		{AE01DD7C-3675-4A3C-8DCD-4F595D500C15}.Release|Any CPU.Build.0 = Release|Any CPU
	EndGlobalSection
	GlobalSection(SolutionProperties) = preSolution
		HideSolutionNode = FALSE
	EndGlobalSection
	GlobalSection(ExtensibilityGlobals) = postSolution
		SolutionGuid = {0D3AA9B3-BCAA-42DC-B63C-738D56BA0352}
	EndGlobalSection
EndGlobal
