
Microsoft Visual Studio Solution File, Format Version 12.00
# Visual Studio Version 17
VisualStudioVersion = 17.8.34330.188
MinimumVisualStudioVersion = 10.0.40219.1
Project("{9A19103F-16F7-4668-BE54-9A1E7A4F7556}") = "StringVariables", "VariablesApp\StringVariables.csproj", "{03AB022D-58E6-4F43-ABE3-4A02D11F2F33}"
EndProject
Project("{FAE04EC0-301F-11D3-BF4B-00C04F79EFBC}") = "IntVariables", "IntVariables\IntVariables.csproj", "{EFE2644F-C59B-4DEA-83F3-441D6D252631}"
EndProject
Global
	GlobalSection(SolutionConfigurationPlatforms) = preSolution
		Debug|Any CPU = Debug|Any CPU
		Release|Any CPU = Release|Any CPU
	EndGlobalSection
	GlobalSection(ProjectConfigurationPlatforms) = postSolution
		{03AB022D-58E6-4F43-ABE3-4A02D11F2F33}.Debug|Any CPU.ActiveCfg = Debug|Any CPU
		{03AB022D-58E6-4F43-ABE3-4A02D11F2F33}.Debug|Any CPU.Build.0 = Debug|Any CPU
		{03AB022D-58E6-4F43-ABE3-4A02D11F2F33}.Release|Any CPU.ActiveCfg = Release|Any CPU
		{03AB022D-58E6-4F43-ABE3-4A02D11F2F33}.Release|Any CPU.Build.0 = Release|Any CPU
		{EFE2644F-C59B-4DEA-83F3-441D6D252631}.Debug|Any CPU.ActiveCfg = Debug|Any CPU
		{EFE2644F-C59B-4DEA-83F3-441D6D252631}.Debug|Any CPU.Build.0 = Debug|Any CPU
		{EFE2644F-C59B-4DEA-83F3-441D6D252631}.Release|Any CPU.ActiveCfg = Release|Any CPU
		{EFE2644F-C59B-4DEA-83F3-441D6D252631}.Release|Any CPU.Build.0 = Release|Any CPU
	EndGlobalSection
	GlobalSection(SolutionProperties) = preSolution
		HideSolutionNode = FALSE
	EndGlobalSection
	GlobalSection(ExtensibilityGlobals) = postSolution
		SolutionGuid = {9BD8D610-A3B2-49E3-BDF1-584E290588DA}
	EndGlobalSection
EndGlobal
