
Microsoft Visual Studio Solution File, Format Version 12.00
# Visual Studio Version 17
VisualStudioVersion = 17.8.34330.188
MinimumVisualStudioVersion = 10.0.40219.1
Project("{9A19103F-16F7-4668-BE54-9A1E7A4F7556}") = "StringVariables", "VariablesApp\StringVariables.csproj", "{03AB022D-58E6-4F43-ABE3-4A02D11F2F33}"
EndProject
Project("{9A19103F-16F7-4668-BE54-9A1E7A4F7556}") = "IntVariables", "IntVariables\IntVariables.csproj", "{EFE2644F-C59B-4DEA-83F3-441D6D252631}"
EndProject
Project("{9A19103F-16F7-4668-BE54-9A1E7A4F7556}") = "DoubleVariables", "DoubleVariables\DoubleVariables.csproj", "{95CF8A01-422D-490A-B161-B94D0399AFBD}"
EndProject
Project("{9A19103F-16F7-4668-BE54-9A1E7A4F7556}") = "DecimalVariables", "DecimalVariables\DecimalVariables.csproj", "{96E1FB4F-AECF-4D7C-B601-35C92F8163B9}"
EndProject
Project("{9A19103F-16F7-4668-BE54-9A1E7A4F7556}") = "BooleanVariables", "BooleanVariables\BooleanVariables.csproj", "{01248923-187A-4489-A94E-5FEC9F059723}"
EndProject
Project("{9A19103F-16F7-4668-BE54-9A1E7A4F7556}") = "NullVariables", "NullVariables\NullVariables.csproj", "{7F338EF3-9FC1-4D68-BB33-1E4732977CAA}"
EndProject
Project("{9A19103F-16F7-4668-BE54-9A1E7A4F7556}") = "TP", "TP\TP.csproj", "{7EAE58E2-0CC3-4154-93A8-543A1AB61025}"
EndProject
Project("{9A19103F-16F7-4668-BE54-9A1E7A4F7556}") = "DateTimeVariables", "DateTimeVariables\DateTimeVariables.csproj", "{C31DA248-9E28-4756-8035-CD2459C6C1C2}"
EndProject
Project("{FAE04EC0-301F-11D3-BF4B-00C04F79EFBC}") = "DateOnlyVariables", "DateOnlyVariables\DateOnlyVariables.csproj", "{07254B6C-92AA-499D-86C4-08F713030A81}"
EndProject
Project("{FAE04EC0-301F-11D3-BF4B-00C04F79EFBC}") = "TimeOnlyVariables", "TimeOnlyVariables\TimeOnlyVariables.csproj", "{13FA9D67-9391-49B5-93C0-9567EEA77F83}"
EndProject
Global
	GlobalSection(SolutionConfigurationPlatforms) = preSolution
		Debug|Any CPU = Debug|Any CPU
		Release|Any CPU = Release|Any CPU
	EndGlobalSection
	GlobalSection(ProjectConfigurationPlatforms) = postSolution
		{03AB022D-58E6-4F43-ABE3-4A02D11F2F33}.Debug|Any CPU.ActiveCfg = Debug|Any CPU
		{03AB022D-58E6-4F43-ABE3-4A02D11F2F33}.Debug|Any CPU.Build.0 = Debug|Any CPU
		{03AB022D-58E6-4F43-ABE3-4A02D11F2F33}.Release|Any CPU.ActiveCfg = Release|Any CPU
		{03AB022D-58E6-4F43-ABE3-4A02D11F2F33}.Release|Any CPU.Build.0 = Release|Any CPU
		{EFE2644F-C59B-4DEA-83F3-441D6D252631}.Debug|Any CPU.ActiveCfg = Debug|Any CPU
		{EFE2644F-C59B-4DEA-83F3-441D6D252631}.Debug|Any CPU.Build.0 = Debug|Any CPU
		{EFE2644F-C59B-4DEA-83F3-441D6D252631}.Release|Any CPU.ActiveCfg = Release|Any CPU
		{EFE2644F-C59B-4DEA-83F3-441D6D252631}.Release|Any CPU.Build.0 = Release|Any CPU
		{95CF8A01-422D-490A-B161-B94D0399AFBD}.Debug|Any CPU.ActiveCfg = Debug|Any CPU
		{95CF8A01-422D-490A-B161-B94D0399AFBD}.Debug|Any CPU.Build.0 = Debug|Any CPU
		{95CF8A01-422D-490A-B161-B94D0399AFBD}.Release|Any CPU.ActiveCfg = Release|Any CPU
		{95CF8A01-422D-490A-B161-B94D0399AFBD}.Release|Any CPU.Build.0 = Release|Any CPU
		{96E1FB4F-AECF-4D7C-B601-35C92F8163B9}.Debug|Any CPU.ActiveCfg = Debug|Any CPU
		{96E1FB4F-AECF-4D7C-B601-35C92F8163B9}.Debug|Any CPU.Build.0 = Debug|Any CPU
		{96E1FB4F-AECF-4D7C-B601-35C92F8163B9}.Release|Any CPU.ActiveCfg = Release|Any CPU
		{96E1FB4F-AECF-4D7C-B601-35C92F8163B9}.Release|Any CPU.Build.0 = Release|Any CPU
		{01248923-187A-4489-A94E-5FEC9F059723}.Debug|Any CPU.ActiveCfg = Debug|Any CPU
		{01248923-187A-4489-A94E-5FEC9F059723}.Debug|Any CPU.Build.0 = Debug|Any CPU
		{01248923-187A-4489-A94E-5FEC9F059723}.Release|Any CPU.ActiveCfg = Release|Any CPU
		{01248923-187A-4489-A94E-5FEC9F059723}.Release|Any CPU.Build.0 = Release|Any CPU
		{7F338EF3-9FC1-4D68-BB33-1E4732977CAA}.Debug|Any CPU.ActiveCfg = Debug|Any CPU
		{7F338EF3-9FC1-4D68-BB33-1E4732977CAA}.Debug|Any CPU.Build.0 = Debug|Any CPU
		{7F338EF3-9FC1-4D68-BB33-1E4732977CAA}.Release|Any CPU.ActiveCfg = Release|Any CPU
		{7F338EF3-9FC1-4D68-BB33-1E4732977CAA}.Release|Any CPU.Build.0 = Release|Any CPU
		{7EAE58E2-0CC3-4154-93A8-543A1AB61025}.Debug|Any CPU.ActiveCfg = Debug|Any CPU
		{7EAE58E2-0CC3-4154-93A8-543A1AB61025}.Debug|Any CPU.Build.0 = Debug|Any CPU
		{7EAE58E2-0CC3-4154-93A8-543A1AB61025}.Release|Any CPU.ActiveCfg = Release|Any CPU
		{7EAE58E2-0CC3-4154-93A8-543A1AB61025}.Release|Any CPU.Build.0 = Release|Any CPU
		{C31DA248-9E28-4756-8035-CD2459C6C1C2}.Debug|Any CPU.ActiveCfg = Debug|Any CPU
		{C31DA248-9E28-4756-8035-CD2459C6C1C2}.Debug|Any CPU.Build.0 = Debug|Any CPU
		{C31DA248-9E28-4756-8035-CD2459C6C1C2}.Release|Any CPU.ActiveCfg = Release|Any CPU
		{C31DA248-9E28-4756-8035-CD2459C6C1C2}.Release|Any CPU.Build.0 = Release|Any CPU
		{07254B6C-92AA-499D-86C4-08F713030A81}.Debug|Any CPU.ActiveCfg = Debug|Any CPU
		{07254B6C-92AA-499D-86C4-08F713030A81}.Debug|Any CPU.Build.0 = Debug|Any CPU
		{07254B6C-92AA-499D-86C4-08F713030A81}.Release|Any CPU.ActiveCfg = Release|Any CPU
		{07254B6C-92AA-499D-86C4-08F713030A81}.Release|Any CPU.Build.0 = Release|Any CPU
		{13FA9D67-9391-49B5-93C0-9567EEA77F83}.Debug|Any CPU.ActiveCfg = Debug|Any CPU
		{13FA9D67-9391-49B5-93C0-9567EEA77F83}.Debug|Any CPU.Build.0 = Debug|Any CPU
		{13FA9D67-9391-49B5-93C0-9567EEA77F83}.Release|Any CPU.ActiveCfg = Release|Any CPU
		{13FA9D67-9391-49B5-93C0-9567EEA77F83}.Release|Any CPU.Build.0 = Release|Any CPU
	EndGlobalSection
	GlobalSection(SolutionProperties) = preSolution
		HideSolutionNode = FALSE
	EndGlobalSection
	GlobalSection(ExtensibilityGlobals) = postSolution
		SolutionGuid = {9BD8D610-A3B2-49E3-BDF1-584E290588DA}
	EndGlobalSection
EndGlobal
