
Microsoft Visual Studio Solution File, Format Version 12.00
# Visual Studio Version 17
VisualStudioVersion = 17.9.34723.18
MinimumVisualStudioVersion = 10.0.40219.1
Project("{FAE04EC0-301F-11D3-BF4B-00C04F79EFBC}") = "ApiAppPerson", "ApiAppPerson\ApiAppPerson.csproj", "{16A6C7F2-F80F-4977-84A3-A90FB81ECE61}"
EndProject
Global
	GlobalSection(SolutionConfigurationPlatforms) = preSolution
		Debug|Any CPU = Debug|Any CPU
		Release|Any CPU = Release|Any CPU
	EndGlobalSection
	GlobalSection(ProjectConfigurationPlatforms) = postSolution
		{16A6C7F2-F80F-4977-84A3-A90FB81ECE61}.Debug|Any CPU.ActiveCfg = Debug|Any CPU
		{16A6C7F2-F80F-4977-84A3-A90FB81ECE61}.Debug|Any CPU.Build.0 = Debug|Any CPU
		{16A6C7F2-F80F-4977-84A3-A90FB81ECE61}.Release|Any CPU.ActiveCfg = Release|Any CPU
		{16A6C7F2-F80F-4977-84A3-A90FB81ECE61}.Release|Any CPU.Build.0 = Release|Any CPU
	EndGlobalSection
	GlobalSection(SolutionProperties) = preSolution
		HideSolutionNode = FALSE
	EndGlobalSection
	GlobalSection(ExtensibilityGlobals) = postSolution
		SolutionGuid = {42232757-9979-4640-9F3F-B99E011760AF}
	EndGlobalSection
EndGlobal
