
Microsoft Visual Studio Solution File, Format Version 12.00
# Visual Studio Version 17
VisualStudioVersion = 17.8.34330.188
MinimumVisualStudioVersion = 10.0.40219.1
Project("{FAE04EC0-301F-11D3-BF4B-00C04F79EFBC}") = "HomeWorkClassStart", "HomeWorkClassStart\HomeWorkClassStart.csproj", "{987F1FEE-97EA-478B-B727-478253C13462}"
EndProject
Global
	GlobalSection(SolutionConfigurationPlatforms) = preSolution
		Debug|Any CPU = Debug|Any CPU
		Release|Any CPU = Release|Any CPU
	EndGlobalSection
	GlobalSection(ProjectConfigurationPlatforms) = postSolution
		{987F1FEE-97EA-478B-B727-478253C13462}.Debug|Any CPU.ActiveCfg = Debug|Any CPU
		{987F1FEE-97EA-478B-B727-478253C13462}.Debug|Any CPU.Build.0 = Debug|Any CPU
		{987F1FEE-97EA-478B-B727-478253C13462}.Release|Any CPU.ActiveCfg = Release|Any CPU
		{987F1FEE-97EA-478B-B727-478253C13462}.Release|Any CPU.Build.0 = Release|Any CPU
	EndGlobalSection
	GlobalSection(SolutionProperties) = preSolution
		HideSolutionNode = FALSE
	EndGlobalSection
	GlobalSection(ExtensibilityGlobals) = postSolution
		SolutionGuid = {51F062D0-EAF7-4ECF-8C9A-6640433E4000}
	EndGlobalSection
EndGlobal
