
Microsoft Visual Studio Solution File, Format Version 12.00
# Visual Studio Version 17
VisualStudioVersion = 17.8.34511.84
MinimumVisualStudioVersion = 10.0.40219.1
Project("{FAE04EC0-301F-11D3-BF4B-00C04F79EFBC}") = "InterfacesExercise", "InterfacesExercise\InterfacesExercise.csproj", "{DC93E8CE-4090-42BB-B2F9-3DAE2B465AF3}"
EndProject
Global
	GlobalSection(SolutionConfigurationPlatforms) = preSolution
		Debug|Any CPU = Debug|Any CPU
		Release|Any CPU = Release|Any CPU
	EndGlobalSection
	GlobalSection(ProjectConfigurationPlatforms) = postSolution
		{DC93E8CE-4090-42BB-B2F9-3DAE2B465AF3}.Debug|Any CPU.ActiveCfg = Debug|Any CPU
		{DC93E8CE-4090-42BB-B2F9-3DAE2B465AF3}.Debug|Any CPU.Build.0 = Debug|Any CPU
		{DC93E8CE-4090-42BB-B2F9-3DAE2B465AF3}.Release|Any CPU.ActiveCfg = Release|Any CPU
		{DC93E8CE-4090-42BB-B2F9-3DAE2B465AF3}.Release|Any CPU.Build.0 = Release|Any CPU
	EndGlobalSection
	GlobalSection(SolutionProperties) = preSolution
		HideSolutionNode = FALSE
	EndGlobalSection
	GlobalSection(ExtensibilityGlobals) = postSolution
		SolutionGuid = {EEBD36C0-DBFB-4323-AC43-2ABF1AF2DD1C}
	EndGlobalSection
EndGlobal
